
Microsoft Visual Studio Solution File, Format Version 12.00
# Visual Studio Version 16
VisualStudioVersion = 16.0.31229.75
MinimumVisualStudioVersion = 10.0.40219.1
Project("{9A19103F-16F7-4668-BE54-9A1E7A4F7556}") = "TypicalRazorPage", "TypicalRazorPage\TypicalRazorPage.csproj", "{52D1D0C2-DD01-4726-9BC3-55602CBBC79B}"
EndProject
Project("{FAE04EC0-301F-11D3-BF4B-00C04F79EFBC}") = "MvcToDoService", "MvcToDoService\MvcToDoService.csproj", "{70005B80-A732-4943-8DDC-70DC65C7B308}"
EndProject
Global
	GlobalSection(SolutionConfigurationPlatforms) = preSolution
		Debug|Any CPU = Debug|Any CPU
		Release|Any CPU = Release|Any CPU
	EndGlobalSection
	GlobalSection(ProjectConfigurationPlatforms) = postSolution
		{52D1D0C2-DD01-4726-9BC3-55602CBBC79B}.Debug|Any CPU.ActiveCfg = Debug|Any CPU
		{52D1D0C2-DD01-4726-9BC3-55602CBBC79B}.Debug|Any CPU.Build.0 = Debug|Any CPU
		{52D1D0C2-DD01-4726-9BC3-55602CBBC79B}.Release|Any CPU.ActiveCfg = Release|Any CPU
		{52D1D0C2-DD01-4726-9BC3-55602CBBC79B}.Release|Any CPU.Build.0 = Release|Any CPU
		{70005B80-A732-4943-8DDC-70DC65C7B308}.Debug|Any CPU.ActiveCfg = Debug|Any CPU
		{70005B80-A732-4943-8DDC-70DC65C7B308}.Debug|Any CPU.Build.0 = Debug|Any CPU
		{70005B80-A732-4943-8DDC-70DC65C7B308}.Release|Any CPU.ActiveCfg = Release|Any CPU
		{70005B80-A732-4943-8DDC-70DC65C7B308}.Release|Any CPU.Build.0 = Release|Any CPU
	EndGlobalSection
	GlobalSection(SolutionProperties) = preSolution
		HideSolutionNode = FALSE
	EndGlobalSection
	GlobalSection(ExtensibilityGlobals) = postSolution
		SolutionGuid = {7CC17DAB-96CD-440B-9C09-C3EB2B5E9C71}
	EndGlobalSection
EndGlobal
