
Microsoft Visual Studio Solution File, Format Version 12.00
# Visual Studio Version 16
VisualStudioVersion = 16.6.30114.105
MinimumVisualStudioVersion = 10.0.40219.1
Project("{FAE04EC0-301F-11D3-BF4B-00C04F79EFBC}") = "ToDoList", "ToDoList\ToDoList.csproj", "{6682C5A3-9710-4248-B2CC-059AAD8CB960}"
EndProject
Project("{FAE04EC0-301F-11D3-BF4B-00C04F79EFBC}") = "EditProduct", "EditProduct\EditProduct.csproj", "{51DBBE98-977F-4DB0-8C5D-CC3BDD080AEA}"
EndProject
Project("{FAE04EC0-301F-11D3-BF4B-00C04F79EFBC}") = "CalculatorBinding", "CalculatorBinding\CalculatorBinding.csproj", "{E4EFC37A-7B29-4486-97FC-CB2E98A5791B}"
EndProject
Project("{FAE04EC0-301F-11D3-BF4B-00C04F79EFBC}") = "CurrencyConverter", "CurrencyConverter\CurrencyConverter.csproj", "{98AE8D49-531B-42FD-8830-83030244888A}"
EndProject
Project("{FAE04EC0-301F-11D3-BF4B-00C04F79EFBC}") = "ListBinding", "ListBinding\ListBinding.csproj", "{1F63BEDA-8556-4F0D-8B6C-1BC59A984424}"
EndProject
Project("{FAE04EC0-301F-11D3-BF4B-00C04F79EFBC}") = "DataValidation", "DataValidation\DataValidation.csproj", "{00E57823-FB1A-4938-9D0F-C40436DCABC7}"
EndProject
Global
	GlobalSection(SolutionConfigurationPlatforms) = preSolution
		Debug|Any CPU = Debug|Any CPU
		Debug|x64 = Debug|x64
		Debug|x86 = Debug|x86
		Release|Any CPU = Release|Any CPU
		Release|x64 = Release|x64
		Release|x86 = Release|x86
	EndGlobalSection
	GlobalSection(SolutionProperties) = preSolution
		HideSolutionNode = FALSE
	EndGlobalSection
	GlobalSection(ProjectConfigurationPlatforms) = postSolution
		{6682C5A3-9710-4248-B2CC-059AAD8CB960}.Debug|Any CPU.ActiveCfg = Debug|Any CPU
		{6682C5A3-9710-4248-B2CC-059AAD8CB960}.Debug|Any CPU.Build.0 = Debug|Any CPU
		{6682C5A3-9710-4248-B2CC-059AAD8CB960}.Debug|x64.ActiveCfg = Debug|Any CPU
		{6682C5A3-9710-4248-B2CC-059AAD8CB960}.Debug|x64.Build.0 = Debug|Any CPU
		{6682C5A3-9710-4248-B2CC-059AAD8CB960}.Debug|x86.ActiveCfg = Debug|Any CPU
		{6682C5A3-9710-4248-B2CC-059AAD8CB960}.Debug|x86.Build.0 = Debug|Any CPU
		{6682C5A3-9710-4248-B2CC-059AAD8CB960}.Release|Any CPU.ActiveCfg = Release|Any CPU
		{6682C5A3-9710-4248-B2CC-059AAD8CB960}.Release|Any CPU.Build.0 = Release|Any CPU
		{6682C5A3-9710-4248-B2CC-059AAD8CB960}.Release|x64.ActiveCfg = Release|Any CPU
		{6682C5A3-9710-4248-B2CC-059AAD8CB960}.Release|x64.Build.0 = Release|Any CPU
		{6682C5A3-9710-4248-B2CC-059AAD8CB960}.Release|x86.ActiveCfg = Release|Any CPU
		{6682C5A3-9710-4248-B2CC-059AAD8CB960}.Release|x86.Build.0 = Release|Any CPU
		{51DBBE98-977F-4DB0-8C5D-CC3BDD080AEA}.Debug|Any CPU.ActiveCfg = Debug|Any CPU
		{51DBBE98-977F-4DB0-8C5D-CC3BDD080AEA}.Debug|Any CPU.Build.0 = Debug|Any CPU
		{51DBBE98-977F-4DB0-8C5D-CC3BDD080AEA}.Debug|x64.ActiveCfg = Debug|Any CPU
		{51DBBE98-977F-4DB0-8C5D-CC3BDD080AEA}.Debug|x64.Build.0 = Debug|Any CPU
		{51DBBE98-977F-4DB0-8C5D-CC3BDD080AEA}.Debug|x86.ActiveCfg = Debug|Any CPU
		{51DBBE98-977F-4DB0-8C5D-CC3BDD080AEA}.Debug|x86.Build.0 = Debug|Any CPU
		{51DBBE98-977F-4DB0-8C5D-CC3BDD080AEA}.Release|Any CPU.ActiveCfg = Release|Any CPU
		{51DBBE98-977F-4DB0-8C5D-CC3BDD080AEA}.Release|Any CPU.Build.0 = Release|Any CPU
		{51DBBE98-977F-4DB0-8C5D-CC3BDD080AEA}.Release|x64.ActiveCfg = Release|Any CPU
		{51DBBE98-977F-4DB0-8C5D-CC3BDD080AEA}.Release|x64.Build.0 = Release|Any CPU
		{51DBBE98-977F-4DB0-8C5D-CC3BDD080AEA}.Release|x86.ActiveCfg = Release|Any CPU
		{51DBBE98-977F-4DB0-8C5D-CC3BDD080AEA}.Release|x86.Build.0 = Release|Any CPU
		{E4EFC37A-7B29-4486-97FC-CB2E98A5791B}.Debug|Any CPU.ActiveCfg = Debug|Any CPU
		{E4EFC37A-7B29-4486-97FC-CB2E98A5791B}.Debug|Any CPU.Build.0 = Debug|Any CPU
		{E4EFC37A-7B29-4486-97FC-CB2E98A5791B}.Debug|x64.ActiveCfg = Debug|Any CPU
		{E4EFC37A-7B29-4486-97FC-CB2E98A5791B}.Debug|x64.Build.0 = Debug|Any CPU
		{E4EFC37A-7B29-4486-97FC-CB2E98A5791B}.Debug|x86.ActiveCfg = Debug|Any CPU
		{E4EFC37A-7B29-4486-97FC-CB2E98A5791B}.Debug|x86.Build.0 = Debug|Any CPU
		{E4EFC37A-7B29-4486-97FC-CB2E98A5791B}.Release|Any CPU.ActiveCfg = Release|Any CPU
		{E4EFC37A-7B29-4486-97FC-CB2E98A5791B}.Release|Any CPU.Build.0 = Release|Any CPU
		{E4EFC37A-7B29-4486-97FC-CB2E98A5791B}.Release|x64.ActiveCfg = Release|Any CPU
		{E4EFC37A-7B29-4486-97FC-CB2E98A5791B}.Release|x64.Build.0 = Release|Any CPU
		{E4EFC37A-7B29-4486-97FC-CB2E98A5791B}.Release|x86.ActiveCfg = Release|Any CPU
		{E4EFC37A-7B29-4486-97FC-CB2E98A5791B}.Release|x86.Build.0 = Release|Any CPU
		{98AE8D49-531B-42FD-8830-83030244888A}.Debug|Any CPU.ActiveCfg = Debug|Any CPU
		{98AE8D49-531B-42FD-8830-83030244888A}.Debug|Any CPU.Build.0 = Debug|Any CPU
		{98AE8D49-531B-42FD-8830-83030244888A}.Debug|x64.ActiveCfg = Debug|Any CPU
		{98AE8D49-531B-42FD-8830-83030244888A}.Debug|x64.Build.0 = Debug|Any CPU
		{98AE8D49-531B-42FD-8830-83030244888A}.Debug|x86.ActiveCfg = Debug|Any CPU
		{98AE8D49-531B-42FD-8830-83030244888A}.Debug|x86.Build.0 = Debug|Any CPU
		{98AE8D49-531B-42FD-8830-83030244888A}.Release|Any CPU.ActiveCfg = Release|Any CPU
		{98AE8D49-531B-42FD-8830-83030244888A}.Release|Any CPU.Build.0 = Release|Any CPU
		{98AE8D49-531B-42FD-8830-83030244888A}.Release|x64.ActiveCfg = Release|Any CPU
		{98AE8D49-531B-42FD-8830-83030244888A}.Release|x64.Build.0 = Release|Any CPU
		{98AE8D49-531B-42FD-8830-83030244888A}.Release|x86.ActiveCfg = Release|Any CPU
		{98AE8D49-531B-42FD-8830-83030244888A}.Release|x86.Build.0 = Release|Any CPU
		{1F63BEDA-8556-4F0D-8B6C-1BC59A984424}.Debug|Any CPU.ActiveCfg = Debug|Any CPU
		{1F63BEDA-8556-4F0D-8B6C-1BC59A984424}.Debug|Any CPU.Build.0 = Debug|Any CPU
		{1F63BEDA-8556-4F0D-8B6C-1BC59A984424}.Debug|x64.ActiveCfg = Debug|Any CPU
		{1F63BEDA-8556-4F0D-8B6C-1BC59A984424}.Debug|x64.Build.0 = Debug|Any CPU
		{1F63BEDA-8556-4F0D-8B6C-1BC59A984424}.Debug|x86.ActiveCfg = Debug|Any CPU
		{1F63BEDA-8556-4F0D-8B6C-1BC59A984424}.Debug|x86.Build.0 = Debug|Any CPU
		{1F63BEDA-8556-4F0D-8B6C-1BC59A984424}.Release|Any CPU.ActiveCfg = Release|Any CPU
		{1F63BEDA-8556-4F0D-8B6C-1BC59A984424}.Release|Any CPU.Build.0 = Release|Any CPU
		{1F63BEDA-8556-4F0D-8B6C-1BC59A984424}.Release|x64.ActiveCfg = Release|Any CPU
		{1F63BEDA-8556-4F0D-8B6C-1BC59A984424}.Release|x64.Build.0 = Release|Any CPU
		{1F63BEDA-8556-4F0D-8B6C-1BC59A984424}.Release|x86.ActiveCfg = Release|Any CPU
		{1F63BEDA-8556-4F0D-8B6C-1BC59A984424}.Release|x86.Build.0 = Release|Any CPU
		{00E57823-FB1A-4938-9D0F-C40436DCABC7}.Debug|Any CPU.ActiveCfg = Debug|Any CPU
		{00E57823-FB1A-4938-9D0F-C40436DCABC7}.Debug|Any CPU.Build.0 = Debug|Any CPU
		{00E57823-FB1A-4938-9D0F-C40436DCABC7}.Debug|x64.ActiveCfg = Debug|Any CPU
		{00E57823-FB1A-4938-9D0F-C40436DCABC7}.Debug|x64.Build.0 = Debug|Any CPU
		{00E57823-FB1A-4938-9D0F-C40436DCABC7}.Debug|x86.ActiveCfg = Debug|Any CPU
		{00E57823-FB1A-4938-9D0F-C40436DCABC7}.Debug|x86.Build.0 = Debug|Any CPU
		{00E57823-FB1A-4938-9D0F-C40436DCABC7}.Release|Any CPU.ActiveCfg = Release|Any CPU
		{00E57823-FB1A-4938-9D0F-C40436DCABC7}.Release|Any CPU.Build.0 = Release|Any CPU
		{00E57823-FB1A-4938-9D0F-C40436DCABC7}.Release|x64.ActiveCfg = Release|Any CPU
		{00E57823-FB1A-4938-9D0F-C40436DCABC7}.Release|x64.Build.0 = Release|Any CPU
		{00E57823-FB1A-4938-9D0F-C40436DCABC7}.Release|x86.ActiveCfg = Release|Any CPU
		{00E57823-FB1A-4938-9D0F-C40436DCABC7}.Release|x86.Build.0 = Release|Any CPU
	EndGlobalSection
EndGlobal
