
Microsoft Visual Studio Solution File, Format Version 12.00
# Visual Studio Version 16
VisualStudioVersion = 16.6.30114.105
MinimumVisualStudioVersion = 10.0.40219.1
Project("{9A19103F-16F7-4668-BE54-9A1E7A4F7556}") = "HoldingPage", "HoldingPage\HoldingPage.csproj", "{1B024282-CBD5-4EC1-A01C-F4ED5052F55E}"
EndProject
Project("{FAE04EC0-301F-11D3-BF4B-00C04F79EFBC}") = "StaticFiles", "StaticFiles\StaticFiles.csproj", "{4CC37954-BFB1-48F2-8DB9-6E68FA0DF878}"
EndProject
Project("{FAE04EC0-301F-11D3-BF4B-00C04F79EFBC}") = "SimpleRazorPage", "SimpleRazorPage\SimpleRazorPage.csproj", "{31AA18F4-1FEA-4957-B63A-D67B6F2BFD41}"
EndProject
Project("{FAE04EC0-301F-11D3-BF4B-00C04F79EFBC}") = "DevExceptionPage", "DevExceptionPage\DevExceptionPage.csproj", "{BB9895BB-1333-4D1D-BD33-3E41024CC29E}"
EndProject
Global
	GlobalSection(SolutionConfigurationPlatforms) = preSolution
		Debug|Any CPU = Debug|Any CPU
		Debug|x64 = Debug|x64
		Debug|x86 = Debug|x86
		Release|Any CPU = Release|Any CPU
		Release|x64 = Release|x64
		Release|x86 = Release|x86
	EndGlobalSection
	GlobalSection(ProjectConfigurationPlatforms) = postSolution
		{1B024282-CBD5-4EC1-A01C-F4ED5052F55E}.Debug|Any CPU.ActiveCfg = Debug|Any CPU
		{1B024282-CBD5-4EC1-A01C-F4ED5052F55E}.Debug|Any CPU.Build.0 = Debug|Any CPU
		{1B024282-CBD5-4EC1-A01C-F4ED5052F55E}.Debug|x64.ActiveCfg = Debug|Any CPU
		{1B024282-CBD5-4EC1-A01C-F4ED5052F55E}.Debug|x64.Build.0 = Debug|Any CPU
		{1B024282-CBD5-4EC1-A01C-F4ED5052F55E}.Debug|x86.ActiveCfg = Debug|Any CPU
		{1B024282-CBD5-4EC1-A01C-F4ED5052F55E}.Debug|x86.Build.0 = Debug|Any CPU
		{1B024282-CBD5-4EC1-A01C-F4ED5052F55E}.Release|Any CPU.ActiveCfg = Release|Any CPU
		{1B024282-CBD5-4EC1-A01C-F4ED5052F55E}.Release|Any CPU.Build.0 = Release|Any CPU
		{1B024282-CBD5-4EC1-A01C-F4ED5052F55E}.Release|x64.ActiveCfg = Release|Any CPU
		{1B024282-CBD5-4EC1-A01C-F4ED5052F55E}.Release|x64.Build.0 = Release|Any CPU
		{1B024282-CBD5-4EC1-A01C-F4ED5052F55E}.Release|x86.ActiveCfg = Release|Any CPU
		{1B024282-CBD5-4EC1-A01C-F4ED5052F55E}.Release|x86.Build.0 = Release|Any CPU
		{4CC37954-BFB1-48F2-8DB9-6E68FA0DF878}.Debug|Any CPU.ActiveCfg = Debug|Any CPU
		{4CC37954-BFB1-48F2-8DB9-6E68FA0DF878}.Debug|Any CPU.Build.0 = Debug|Any CPU
		{4CC37954-BFB1-48F2-8DB9-6E68FA0DF878}.Debug|x64.ActiveCfg = Debug|Any CPU
		{4CC37954-BFB1-48F2-8DB9-6E68FA0DF878}.Debug|x64.Build.0 = Debug|Any CPU
		{4CC37954-BFB1-48F2-8DB9-6E68FA0DF878}.Debug|x86.ActiveCfg = Debug|Any CPU
		{4CC37954-BFB1-48F2-8DB9-6E68FA0DF878}.Debug|x86.Build.0 = Debug|Any CPU
		{4CC37954-BFB1-48F2-8DB9-6E68FA0DF878}.Release|Any CPU.ActiveCfg = Release|Any CPU
		{4CC37954-BFB1-48F2-8DB9-6E68FA0DF878}.Release|Any CPU.Build.0 = Release|Any CPU
		{4CC37954-BFB1-48F2-8DB9-6E68FA0DF878}.Release|x64.ActiveCfg = Release|Any CPU
		{4CC37954-BFB1-48F2-8DB9-6E68FA0DF878}.Release|x64.Build.0 = Release|Any CPU
		{4CC37954-BFB1-48F2-8DB9-6E68FA0DF878}.Release|x86.ActiveCfg = Release|Any CPU
		{4CC37954-BFB1-48F2-8DB9-6E68FA0DF878}.Release|x86.Build.0 = Release|Any CPU
		{31AA18F4-1FEA-4957-B63A-D67B6F2BFD41}.Debug|Any CPU.ActiveCfg = Debug|Any CPU
		{31AA18F4-1FEA-4957-B63A-D67B6F2BFD41}.Debug|Any CPU.Build.0 = Debug|Any CPU
		{31AA18F4-1FEA-4957-B63A-D67B6F2BFD41}.Debug|x64.ActiveCfg = Debug|Any CPU
		{31AA18F4-1FEA-4957-B63A-D67B6F2BFD41}.Debug|x64.Build.0 = Debug|Any CPU
		{31AA18F4-1FEA-4957-B63A-D67B6F2BFD41}.Debug|x86.ActiveCfg = Debug|Any CPU
		{31AA18F4-1FEA-4957-B63A-D67B6F2BFD41}.Debug|x86.Build.0 = Debug|Any CPU
		{31AA18F4-1FEA-4957-B63A-D67B6F2BFD41}.Release|Any CPU.ActiveCfg = Release|Any CPU
		{31AA18F4-1FEA-4957-B63A-D67B6F2BFD41}.Release|Any CPU.Build.0 = Release|Any CPU
		{31AA18F4-1FEA-4957-B63A-D67B6F2BFD41}.Release|x64.ActiveCfg = Release|Any CPU
		{31AA18F4-1FEA-4957-B63A-D67B6F2BFD41}.Release|x64.Build.0 = Release|Any CPU
		{31AA18F4-1FEA-4957-B63A-D67B6F2BFD41}.Release|x86.ActiveCfg = Release|Any CPU
		{31AA18F4-1FEA-4957-B63A-D67B6F2BFD41}.Release|x86.Build.0 = Release|Any CPU
		{BB9895BB-1333-4D1D-BD33-3E41024CC29E}.Debug|Any CPU.ActiveCfg = Debug|Any CPU
		{BB9895BB-1333-4D1D-BD33-3E41024CC29E}.Debug|Any CPU.Build.0 = Debug|Any CPU
		{BB9895BB-1333-4D1D-BD33-3E41024CC29E}.Debug|x64.ActiveCfg = Debug|Any CPU
		{BB9895BB-1333-4D1D-BD33-3E41024CC29E}.Debug|x64.Build.0 = Debug|Any CPU
		{BB9895BB-1333-4D1D-BD33-3E41024CC29E}.Debug|x86.ActiveCfg = Debug|Any CPU
		{BB9895BB-1333-4D1D-BD33-3E41024CC29E}.Debug|x86.Build.0 = Debug|Any CPU
		{BB9895BB-1333-4D1D-BD33-3E41024CC29E}.Release|Any CPU.ActiveCfg = Release|Any CPU
		{BB9895BB-1333-4D1D-BD33-3E41024CC29E}.Release|Any CPU.Build.0 = Release|Any CPU
		{BB9895BB-1333-4D1D-BD33-3E41024CC29E}.Release|x64.ActiveCfg = Release|Any CPU
		{BB9895BB-1333-4D1D-BD33-3E41024CC29E}.Release|x64.Build.0 = Release|Any CPU
		{BB9895BB-1333-4D1D-BD33-3E41024CC29E}.Release|x86.ActiveCfg = Release|Any CPU
		{BB9895BB-1333-4D1D-BD33-3E41024CC29E}.Release|x86.Build.0 = Release|Any CPU
	EndGlobalSection
	GlobalSection(SolutionProperties) = preSolution
		HideSolutionNode = FALSE
	EndGlobalSection
	GlobalSection(ExtensibilityGlobals) = postSolution
		SolutionGuid = {2709C77B-CF16-4829-BDD6-C43376A1FDCD}
	EndGlobalSection
EndGlobal
